Microsoft Visual Studio Solution File, Format Version 12.00
# Visual Studio Version 16
VisualStudioVersion = 16.0.30128.74
MinimumVisualStudioVersion = 10.0.40219.1
Project("{9A19103F-16F7-4668-BE54-9A1E7A4F7556}") = "ReunionGet.Parser", "Source\Portable\ReunionGet.Parser\ReunionGet.Parser.csproj", "{B5A791DB-4DDA-4242-AA71-9F0B4D3320AA}"
EndProject
Project("{2150E333-8FDC-42A3-9474-1A3956D46DE8}") = "Solution Items", "Solution Items", "{FB8D97F2-5074-4D1D-8764-55A14AF6D65C}"
	ProjectSection(SolutionItems) = preProject
		.editorconfig = .editorconfig
		azure-pipelines.yml = azure-pipelines.yml
		Directory.Build.props = Directory.Build.props
		global.json = global.json
		README.md = README.md
	EndProjectSection
EndProject
Project("{2150E333-8FDC-42A3-9474-1A3956D46DE8}") = "Source", "Source", "{2549F604-BE33-41BC-808A-1BB4649A6011}"
	ProjectSection(SolutionItems) = preProject
		Source\Directory.Build.props = Source\Directory.Build.props
	EndProjectSection
EndProject
Project("{2150E333-8FDC-42A3-9474-1A3956D46DE8}") = "Test", "Test", "{385054D4-2D39-4F6D-A018-CE1D986D679A}"
	ProjectSection(SolutionItems) = preProject
		Test\Directory.Build.props = Test\Directory.Build.props
	EndProjectSection
EndProject
Project("{778DAE3C-4631-46EA-AA77-85C1314464D9}") = "ReunionGet.Parser.Tests", "Test\ReunionGet.Parser.Tests\ReunionGet.Parser.Tests.vbproj", "{D650938D-769A-41A6-8A20-C117BB065D28}"
EndProject
Project("{9A19103F-16F7-4668-BE54-9A1E7A4F7556}") = "ReunionGet.TorrentInfo", "Source\Portable\ReunionGet.TorrentInfo\ReunionGet.TorrentInfo.csproj", "{B36E0A9D-58C1-449A-9393-59928B3A328F}"
EndProject
Project("{2150E333-8FDC-42A3-9474-1A3956D46DE8}") = "Portable", "Portable", "{5291FA91-B55C-45B0-8247-76E9AEDAF360}"
EndProject
Project("{FAE04EC0-301F-11D3-BF4B-00C04F79EFBC}") = "ReunionGet.Aria2Rpc", "Source\Portable\ReunionGet.Aria2Rpc\ReunionGet.Aria2Rpc.csproj", "{946DF13B-2073-4F28-93F1-C4B67E8253E4}"
EndProject
Global
	GlobalSection(SolutionConfigurationPlatforms) = preSolution
		Debug|Any CPU = Debug|Any CPU
		Release|Any CPU = Release|Any CPU
	EndGlobalSection
	GlobalSection(ProjectConfigurationPlatforms) = postSolution
		{B5A791DB-4DDA-4242-AA71-9F0B4D3320AA}.Debug|Any CPU.ActiveCfg = Debug|Any CPU
		{B5A791DB-4DDA-4242-AA71-9F0B4D3320AA}.Debug|Any CPU.Build.0 = Debug|Any CPU
		{B5A791DB-4DDA-4242-AA71-9F0B4D3320AA}.Release|Any CPU.ActiveCfg = Release|Any CPU
		{B5A791DB-4DDA-4242-AA71-9F0B4D3320AA}.Release|Any CPU.Build.0 = Release|Any CPU
		{D650938D-769A-41A6-8A20-C117BB065D28}.Debug|Any CPU.ActiveCfg = Debug|Any CPU
		{D650938D-769A-41A6-8A20-C117BB065D28}.Debug|Any CPU.Build.0 = Debug|Any CPU
		{D650938D-769A-41A6-8A20-C117BB065D28}.Release|Any CPU.ActiveCfg = Release|Any CPU
		{D650938D-769A-41A6-8A20-C117BB065D28}.Release|Any CPU.Build.0 = Release|Any CPU
		{B36E0A9D-58C1-449A-9393-59928B3A328F}.Debug|Any CPU.ActiveCfg = Debug|Any CPU
		{B36E0A9D-58C1-449A-9393-59928B3A328F}.Debug|Any CPU.Build.0 = Debug|Any CPU
		{B36E0A9D-58C1-449A-9393-59928B3A328F}.Release|Any CPU.ActiveCfg = Release|Any CPU
		{B36E0A9D-58C1-449A-9393-59928B3A328F}.Release|Any CPU.Build.0 = Release|Any CPU
		{946DF13B-2073-4F28-93F1-C4B67E8253E4}.Debug|Any CPU.ActiveCfg = Debug|Any CPU
		{946DF13B-2073-4F28-93F1-C4B67E8253E4}.Debug|Any CPU.Build.0 = Debug|Any CPU
		{946DF13B-2073-4F28-93F1-C4B67E8253E4}.Release|Any CPU.ActiveCfg = Release|Any CPU
		{946DF13B-2073-4F28-93F1-C4B67E8253E4}.Release|Any CPU.Build.0 = Release|Any CPU
	EndGlobalSection
	GlobalSection(SolutionProperties) = preSolution
		HideSolutionNode = FALSE
	EndGlobalSection
	GlobalSection(NestedProjects) = preSolution
		{B5A791DB-4DDA-4242-AA71-9F0B4D3320AA} = {5291FA91-B55C-45B0-8247-76E9AEDAF360}
		{D650938D-769A-41A6-8A20-C117BB065D28} = {385054D4-2D39-4F6D-A018-CE1D986D679A}
		{B36E0A9D-58C1-449A-9393-59928B3A328F} = {5291FA91-B55C-45B0-8247-76E9AEDAF360}
		{5291FA91-B55C-45B0-8247-76E9AEDAF360} = {2549F604-BE33-41BC-808A-1BB4649A6011}
		{946DF13B-2073-4F28-93F1-C4B67E8253E4} = {5291FA91-B55C-45B0-8247-76E9AEDAF360}
	EndGlobalSection
	GlobalSection(ExtensibilityGlobals) = postSolution
		SolutionGuid = {50D99955-3D39-4A91-A30C-8E2F7D084CD7}
	EndGlobalSection
EndGlobal
